
Microsoft Visual Studio Solution File, Format Version 12.00
# Visual Studio Version 17
VisualStudioVersion = 17.3.32929.385
MinimumVisualStudioVersion = 10.0.40219.1
Project("{FAE04EC0-301F-11D3-BF4B-00C04F79EFBC}") = "StudentForm", "StudentForm\StudentForm.csproj", "{7E8DE52F-89C0-4E5D-B959-0A560670045A}"
EndProject
Global
	GlobalSection(SolutionConfigurationPlatforms) = preSolution
		Debug|Any CPU = Debug|Any CPU
		Release|Any CPU = Release|Any CPU
	EndGlobalSection
	GlobalSection(ProjectConfigurationPlatforms) = postSolution
		{7E8DE52F-89C0-4E5D-B959-0A560670045A}.Debug|Any CPU.ActiveCfg = Debug|Any CPU
		{7E8DE52F-89C0-4E5D-B959-0A560670045A}.Debug|Any CPU.Build.0 = Debug|Any CPU
		{7E8DE52F-89C0-4E5D-B959-0A560670045A}.Release|Any CPU.ActiveCfg = Release|Any CPU
		{7E8DE52F-89C0-4E5D-B959-0A560670045A}.Release|Any CPU.Build.0 = Release|Any CPU
	EndGlobalSection
	GlobalSection(SolutionProperties) = preSolution
		HideSolutionNode = FALSE
	EndGlobalSection
	GlobalSection(ExtensibilityGlobals) = postSolution
		SolutionGuid = {406699C8-D984-49D0-9037-7A27F50AE48C}
	EndGlobalSection
EndGlobal
